// !$*UTF8*$!
{
	archiveVersion = 1;
	classes = {
	};
	objectVersion = 56;
	objects = {

/* Begin PBXBuildFile section */
		0E00F3292B7F8211006269C5 /* FirebaseAnalyticsSwift in Frameworks */ = {isa = PBXBuildFile; productRef = 0E00F3282B7F8211006269C5 /* FirebaseAnalyticsSwift */; };
		0E00F32B2B7F8211006269C5 /* FirebaseAppCheck in Frameworks */ = {isa = PBXBuildFile; productRef = 0E00F32A2B7F8211006269C5 /* FirebaseAppCheck */; };
		0E00F32D2B7F835C006269C5 /* FirebaseAuth in Frameworks */ = {isa = PBXBuildFile; productRef = 0E00F32C2B7F835C006269C5 /* FirebaseAuth */; };
		0E00F32F2B7F835C006269C5 /* FirebaseDatabaseSwift in Frameworks */ = {isa = PBXBuildFile; productRef = 0E00F32E2B7F835C006269C5 /* FirebaseDatabaseSwift */; };
		0E00F3312B7F835C006269C5 /* FirebaseFirestore in Frameworks */ = {isa = PBXBuildFile; productRef = 0E00F3302B7F835C006269C5 /* FirebaseFirestore */; };
		0E00F3332B7F835C006269C5 /* FirebaseFirestoreSwift in Frameworks */ = {isa = PBXBuildFile; productRef = 0E00F3322B7F835C006269C5 /* FirebaseFirestoreSwift */; };
		0E00F3352B7F835C006269C5 /* FirebaseFunctions in Frameworks */ = {isa = PBXBuildFile; productRef = 0E00F3342B7F835C006269C5 /* FirebaseFunctions */; };
		0E00F3372B7F835C006269C5 /* FirebaseInAppMessagingSwift-Beta in Frameworks */ = {isa = PBXBuildFile; productRef = 0E00F3362B7F835C006269C5 /* FirebaseInAppMessagingSwift-Beta */; };
		0E00F3392B7F835C006269C5 /* FirebaseInstallations in Frameworks */ = {isa = PBXBuildFile; productRef = 0E00F3382B7F835C006269C5 /* FirebaseInstallations */; };
		0E00F33B2B7F835C006269C5 /* FirebaseMessaging in Frameworks */ = {isa = PBXBuildFile; productRef = 0E00F33A2B7F835C006269C5 /* FirebaseMessaging */; };
		0E00F33D2B7F835C006269C5 /* FirebasePerformance in Frameworks */ = {isa = PBXBuildFile; productRef = 0E00F33C2B7F835C006269C5 /* FirebasePerformance */; };
		0E00F33F2B7F835C006269C5 /* FirebaseStorage in Frameworks */ = {isa = PBXBuildFile; productRef = 0E00F33E2B7F835C006269C5 /* FirebaseStorage */; };
		0E00F3412B7F85C4006269C5 /* GoogleService-Info.plist in Resources */ = {isa = PBXBuildFile; fileRef = 0E00F3402B7F85C4006269C5 /* GoogleService-Info.plist */; };
		0E00F3482B7F90D9006269C5 /* AuthViewModel.swift in Sources */ = {isa = PBXBuildFile; fileRef = 0E00F3472B7F90D9006269C5 /* AuthViewModel.swift */; };
		0E00F34A2B7F90ED006269C5 /* FirestoreViewModel.swift in Sources */ = {isa = PBXBuildFile; fileRef = 0E00F3492B7F90ED006269C5 /* FirestoreViewModel.swift */; };
		0E00F34C2B7F9475006269C5 /* LoginView.swift in Sources */ = {isa = PBXBuildFile; fileRef = 0E00F34B2B7F9475006269C5 /* LoginView.swift */; };
		0E00F3562B7FAD32006269C5 /* Lottie in Frameworks */ = {isa = PBXBuildFile; productRef = 0E00F3552B7FAD32006269C5 /* Lottie */; };
		0E00F35A2B7FADEF006269C5 /* InputView.swift in Sources */ = {isa = PBXBuildFile; fileRef = 0E00F3592B7FADEF006269C5 /* InputView.swift */; };
		0E00F35C2B7FBD30006269C5 /* RegistrationView.swift in Sources */ = {isa = PBXBuildFile; fileRef = 0E00F35B2B7FBD30006269C5 /* RegistrationView.swift */; };
		0E00F35E2B80C665006269C5 /* ProfileView.swift in Sources */ = {isa = PBXBuildFile; fileRef = 0E00F35D2B80C665006269C5 /* ProfileView.swift */; };
		0E00F3602B80CB7E006269C5 /* ImagePicker.swift in Sources */ = {isa = PBXBuildFile; fileRef = 0E00F35F2B80CB7E006269C5 /* ImagePicker.swift */; };
		0E00F3622B80D03D006269C5 /* SettingsRowView.swift in Sources */ = {isa = PBXBuildFile; fileRef = 0E00F3612B80D03D006269C5 /* SettingsRowView.swift */; };
		0EDEF65E2B7F753C006557B9 /* MealMatchApp.swift in Sources */ = {isa = PBXBuildFile; fileRef = 0EDEF65D2B7F753C006557B9 /* MealMatchApp.swift */; };
		0EDEF6602B7F753C006557B9 /* ContentView.swift in Sources */ = {isa = PBXBuildFile; fileRef = 0EDEF65F2B7F753C006557B9 /* ContentView.swift */; };
		0EDEF6622B7F753E006557B9 /* Assets.xcassets in Resources */ = {isa = PBXBuildFile; fileRef = 0EDEF6612B7F753E006557B9 /* Assets.xcassets */; };
		0EDEF6652B7F753E006557B9 /* Preview Assets.xcassets in Resources */ = {isa = PBXBuildFile; fileRef = 0EDEF6642B7F753E006557B9 /* Preview Assets.xcassets */; };
		0EDEF66F2B7F753E006557B9 /* MealMatchTests.swift in Sources */ = {isa = PBXBuildFile; fileRef = 0EDEF66E2B7F753E006557B9 /* MealMatchTests.swift */; };
		0EDEF6792B7F753E006557B9 /* MealMatchUITests.swift in Sources */ = {isa = PBXBuildFile; fileRef = 0EDEF6782B7F753E006557B9 /* MealMatchUITests.swift */; };
		0EDEF67B2B7F753E006557B9 /* MealMatchUITestsLaunchTests.swift in Sources */ = {isa = PBXBuildFile; fileRef = 0EDEF67A2B7F753E006557B9 /* MealMatchUITestsLaunchTests.swift */; };
/* End PBXBuildFile section */

/* Begin PBXContainerItemProxy section */
		0EDEF66B2B7F753E006557B9 /* PBXContainerItemProxy */ = {
			isa = PBXContainerItemProxy;
			containerPortal = 0EDEF6522B7F753C006557B9 /* Project object */;
			proxyType = 1;
			remoteGlobalIDString = 0EDEF6592B7F753C006557B9;
			remoteInfo = MealMatch;
		};
		0EDEF6752B7F753E006557B9 /* PBXContainerItemProxy */ = {
			isa = PBXContainerItemProxy;
			containerPortal = 0EDEF6522B7F753C006557B9 /* Project object */;
			proxyType = 1;
			remoteGlobalIDString = 0EDEF6592B7F753C006557B9;
			remoteInfo = MealMatch;
		};
/* End PBXContainerItemProxy section */

/* Begin PBXFileReference section */
		0E00F3402B7F85C4006269C5 /* GoogleService-Info.plist */ = {isa = PBXFileReference; fileEncoding = 4; lastKnownFileType = text.plist.xml; path = "GoogleService-Info.plist"; sourceTree = "<group>"; };
		0E00F3472B7F90D9006269C5 /* AuthViewModel.swift */ = {isa = PBXFileReference; lastKnownFileType = sourcecode.swift; path = AuthViewModel.swift; sourceTree = "<group>"; };
		0E00F3492B7F90ED006269C5 /* FirestoreViewModel.swift */ = {isa = PBXFileReference; lastKnownFileType = sourcecode.swift; path = FirestoreViewModel.swift; sourceTree = "<group>"; };
		0E00F34B2B7F9475006269C5 /* LoginView.swift */ = {isa = PBXFileReference; lastKnownFileType = sourcecode.swift; path = LoginView.swift; sourceTree = "<group>"; };
		0E00F3592B7FADEF006269C5 /* InputView.swift */ = {isa = PBXFileReference; lastKnownFileType = sourcecode.swift; path = InputView.swift; sourceTree = "<group>"; };
		0E00F35B2B7FBD30006269C5 /* RegistrationView.swift */ = {isa = PBXFileReference; lastKnownFileType = sourcecode.swift; path = RegistrationView.swift; sourceTree = "<group>"; };
		0E00F35D2B80C665006269C5 /* ProfileView.swift */ = {isa = PBXFileReference; lastKnownFileType = sourcecode.swift; path = ProfileView.swift; sourceTree = "<group>"; };
		0E00F35F2B80CB7E006269C5 /* ImagePicker.swift */ = {isa = PBXFileReference; lastKnownFileType = sourcecode.swift; path = ImagePicker.swift; sourceTree = "<group>"; };
		0E00F3612B80D03D006269C5 /* SettingsRowView.swift */ = {isa = PBXFileReference; lastKnownFileType = sourcecode.swift; path = SettingsRowView.swift; sourceTree = "<group>"; };
		0EDEF65A2B7F753C006557B9 /* MealMatch.app */ = {isa = PBXFileReference; explicitFileType = wrapper.application; includeInIndex = 0; path = MealMatch.app; sourceTree = BUILT_PRODUCTS_DIR; };
		0EDEF65D2B7F753C006557B9 /* MealMatchApp.swift */ = {isa = PBXFileReference; lastKnownFileType = sourcecode.swift; path = MealMatchApp.swift; sourceTree = "<group>"; };
		0EDEF65F2B7F753C006557B9 /* ContentView.swift */ = {isa = PBXFileReference; lastKnownFileType = sourcecode.swift; path = ContentView.swift; sourceTree = "<group>"; };
		0EDEF6612B7F753E006557B9 /* Assets.xcassets */ = {isa = PBXFileReference; lastKnownFileType = folder.assetcatalog; path = Assets.xcassets; sourceTree = "<group>"; };
		0EDEF6642B7F753E006557B9 /* Preview Assets.xcassets */ = {isa = PBXFileReference; lastKnownFileType = folder.assetcatalog; path = "Preview Assets.xcassets"; sourceTree = "<group>"; };
		0EDEF66A2B7F753E006557B9 /* MealMatchTests.xctest */ = {isa = PBXFileReference; explicitFileType = wrapper.cfbundle; includeInIndex = 0; path = MealMatchTests.xctest; sourceTree = BUILT_PRODUCTS_DIR; };
		0EDEF66E2B7F753E006557B9 /* MealMatchTests.swift */ = {isa = PBXFileReference; lastKnownFileType = sourcecode.swift; path = MealMatchTests.swift; sourceTree = "<group>"; };
		0EDEF6742B7F753E006557B9 /* MealMatchUITests.xctest */ = {isa = PBXFileReference; explicitFileType = wrapper.cfbundle; includeInIndex = 0; path = MealMatchUITests.xctest; sourceTree = BUILT_PRODUCTS_DIR; };
		0EDEF6782B7F753E006557B9 /* MealMatchUITests.swift */ = {isa = PBXFileReference; lastKnownFileType = sourcecode.swift; path = MealMatchUITests.swift; sourceTree = "<group>"; };
		0EDEF67A2B7F753E006557B9 /* MealMatchUITestsLaunchTests.swift */ = {isa = PBXFileReference; lastKnownFileType = sourcecode.swift; path = MealMatchUITestsLaunchTests.swift; sourceTree = "<group>"; };
/* End PBXFileReference section */

/* Begin PBXFrameworksBuildPhase section */
		0EDEF6572B7F753C006557B9 /* Frameworks */ = {
			isa = PBXFrameworksBuildPhase;
			buildActionMask = 2147483647;
			files = (
				0E00F3562B7FAD32006269C5 /* Lottie in Frameworks */,
				0E00F33D2B7F835C006269C5 /* FirebasePerformance in Frameworks */,
				0E00F32F2B7F835C006269C5 /* FirebaseDatabaseSwift in Frameworks */,
				0E00F3352B7F835C006269C5 /* FirebaseFunctions in Frameworks */,
				0E00F33B2B7F835C006269C5 /* FirebaseMessaging in Frameworks */,
				0E00F3372B7F835C006269C5 /* FirebaseInAppMessagingSwift-Beta in Frameworks */,
				0E00F33F2B7F835C006269C5 /* FirebaseStorage in Frameworks */,
				0E00F3392B7F835C006269C5 /* FirebaseInstallations in Frameworks */,
				0E00F32B2B7F8211006269C5 /* FirebaseAppCheck in Frameworks */,
				0E00F32D2B7F835C006269C5 /* FirebaseAuth in Frameworks */,
				0E00F3312B7F835C006269C5 /* FirebaseFirestore in Frameworks */,
				0E00F3292B7F8211006269C5 /* FirebaseAnalyticsSwift in Frameworks */,
				0E00F3332B7F835C006269C5 /* FirebaseFirestoreSwift in Frameworks */,
			);
			runOnlyForDeploymentPostprocessing = 0;
		};
		0EDEF6672B7F753E006557B9 /* Frameworks */ = {
			isa = PBXFrameworksBuildPhase;
			buildActionMask = 2147483647;
			files = (
			);
			runOnlyForDeploymentPostprocessing = 0;
		};
		0EDEF6712B7F753E006557B9 /* Frameworks */ = {
			isa = PBXFrameworksBuildPhase;
			buildActionMask = 2147483647;
			files = (
			);
			runOnlyForDeploymentPostprocessing = 0;
		};
/* End PBXFrameworksBuildPhase section */

/* Begin PBXGroup section */
		0E00F3422B7F9060006269C5 /* Views */ = {
			isa = PBXGroup;
			children = (
				0E00F34F2B7F960B006269C5 /* Authentication */,
				0E00F3572B7FAD47006269C5 /* Home */,
				0E00F3582B7FAD58006269C5 /* ShoppingList */,
				0E00F3532B7F96AC006269C5 /* Profile */,
				0E00F3502B7F961B006269C5 /* Root */,
			);
			path = Views;
			sourceTree = "<group>";
		};
		0E00F3432B7F9088006269C5 /* ViewModels */ = {
			isa = PBXGroup;
			children = (
				0E00F3492B7F90ED006269C5 /* FirestoreViewModel.swift */,
				0E00F3472B7F90D9006269C5 /* AuthViewModel.swift */,
			);
			path = ViewModels;
			sourceTree = "<group>";
		};
		0E00F34D2B7F9525006269C5 /* Components */ = {
			isa = PBXGroup;
			children = (
				0E00F3592B7FADEF006269C5 /* InputView.swift */,
				0E00F35F2B80CB7E006269C5 /* ImagePicker.swift */,
				0E00F3612B80D03D006269C5 /* SettingsRowView.swift */,
			);
			path = Components;
			sourceTree = "<group>";
		};
		0E00F34F2B7F960B006269C5 /* Authentication */ = {
			isa = PBXGroup;
			children = (
				0E00F34B2B7F9475006269C5 /* LoginView.swift */,
				0E00F35B2B7FBD30006269C5 /* RegistrationView.swift */,
			);
			path = Authentication;
			sourceTree = "<group>";
		};
		0E00F3502B7F961B006269C5 /* Root */ = {
			isa = PBXGroup;
			children = (
				0EDEF65F2B7F753C006557B9 /* ContentView.swift */,
			);
			path = Root;
			sourceTree = "<group>";
		};
		0E00F3512B7F9650006269C5 /* Model */ = {
			isa = PBXGroup;
			children = (
			);
			path = Model;
			sourceTree = "<group>";
		};
		0E00F3522B7F96A0006269C5 /* Core */ = {
			isa = PBXGroup;
			children = (
				0E00F3422B7F9060006269C5 /* Views */,
			);
			path = Core;
			sourceTree = "<group>";
		};
		0E00F3532B7F96AC006269C5 /* Profile */ = {
			isa = PBXGroup;
			children = (
				0E00F35D2B80C665006269C5 /* ProfileView.swift */,
			);
			path = Profile;
			sourceTree = "<group>";
		};
		0E00F3572B7FAD47006269C5 /* Home */ = {
			isa = PBXGroup;
			children = (
			);
			path = Home;
			sourceTree = "<group>";
		};
		0E00F3582B7FAD58006269C5 /* ShoppingList */ = {
			isa = PBXGroup;
			children = (
			);
			path = ShoppingList;
			sourceTree = "<group>";
		};
		0EDEF6512B7F753C006557B9 = {
			isa = PBXGroup;
			children = (
				0EDEF65C2B7F753C006557B9 /* MealMatch */,
				0EDEF66D2B7F753E006557B9 /* MealMatchTests */,
				0EDEF6772B7F753E006557B9 /* MealMatchUITests */,
				0EDEF65B2B7F753C006557B9 /* Products */,
			);
			sourceTree = "<group>";
		};
		0EDEF65B2B7F753C006557B9 /* Products */ = {
			isa = PBXGroup;
			children = (
				0EDEF65A2B7F753C006557B9 /* MealMatch.app */,
				0EDEF66A2B7F753E006557B9 /* MealMatchTests.xctest */,
				0EDEF6742B7F753E006557B9 /* MealMatchUITests.xctest */,
			);
			name = Products;
			sourceTree = "<group>";
		};
		0EDEF65C2B7F753C006557B9 /* MealMatch */ = {
			isa = PBXGroup;
			children = (
				0E00F34D2B7F9525006269C5 /* Components */,
				0E00F3522B7F96A0006269C5 /* Core */,
				0E00F3512B7F9650006269C5 /* Model */,
				0E00F3432B7F9088006269C5 /* ViewModels */,
				0E00F3402B7F85C4006269C5 /* GoogleService-Info.plist */,
				0EDEF65D2B7F753C006557B9 /* MealMatchApp.swift */,
				0EDEF6612B7F753E006557B9 /* Assets.xcassets */,
				0EDEF6632B7F753E006557B9 /* Preview Content */,
			);
			path = MealMatch;
			sourceTree = "<group>";
		};
		0EDEF6632B7F753E006557B9 /* Preview Content */ = {
			isa = PBXGroup;
			children = (
				0EDEF6642B7F753E006557B9 /* Preview Assets.xcassets */,
			);
			path = "Preview Content";
			sourceTree = "<group>";
		};
		0EDEF66D2B7F753E006557B9 /* MealMatchTests */ = {
			isa = PBXGroup;
			children = (
				0EDEF66E2B7F753E006557B9 /* MealMatchTests.swift */,
			);
			path = MealMatchTests;
			sourceTree = "<group>";
		};
		0EDEF6772B7F753E006557B9 /* MealMatchUITests */ = {
			isa = PBXGroup;
			children = (
				0EDEF6782B7F753E006557B9 /* MealMatchUITests.swift */,
				0EDEF67A2B7F753E006557B9 /* MealMatchUITestsLaunchTests.swift */,
			);
			path = MealMatchUITests;
			sourceTree = "<group>";
		};
/* End PBXGroup section */

/* Begin PBXNativeTarget section */
		0EDEF6592B7F753C006557B9 /* MealMatch */ = {
			isa = PBXNativeTarget;
			buildConfigurationList = 0EDEF67E2B7F753E006557B9 /* Build configuration list for PBXNativeTarget "MealMatch" */;
			buildPhases = (
				0EDEF6562B7F753C006557B9 /* Sources */,
				0EDEF6572B7F753C006557B9 /* Frameworks */,
				0EDEF6582B7F753C006557B9 /* Resources */,
			);
			buildRules = (
			);
			dependencies = (
			);
			name = MealMatch;
			packageProductDependencies = (
				0E00F3282B7F8211006269C5 /* FirebaseAnalyticsSwift */,
				0E00F32A2B7F8211006269C5 /* FirebaseAppCheck */,
				0E00F32C2B7F835C006269C5 /* FirebaseAuth */,
				0E00F32E2B7F835C006269C5 /* FirebaseDatabaseSwift */,
				0E00F3302B7F835C006269C5 /* FirebaseFirestore */,
				0E00F3322B7F835C006269C5 /* FirebaseFirestoreSwift */,
				0E00F3342B7F835C006269C5 /* FirebaseFunctions */,
				0E00F3362B7F835C006269C5 /* FirebaseInAppMessagingSwift-Beta */,
				0E00F3382B7F835C006269C5 /* FirebaseInstallations */,
				0E00F33A2B7F835C006269C5 /* FirebaseMessaging */,
				0E00F33C2B7F835C006269C5 /* FirebasePerformance */,
				0E00F33E2B7F835C006269C5 /* FirebaseStorage */,
				0E00F3552B7FAD32006269C5 /* Lottie */,
			);
			productName = MealMatch;
			productReference = 0EDEF65A2B7F753C006557B9 /* MealMatch.app */;
			productType = "com.apple.product-type.application";
		};
		0EDEF6692B7F753E006557B9 /* MealMatchTests */ = {
			isa = PBXNativeTarget;
			buildConfigurationList = 0EDEF6812B7F753E006557B9 /* Build configuration list for PBXNativeTarget "MealMatchTests" */;
			buildPhases = (
				0EDEF6662B7F753E006557B9 /* Sources */,
				0EDEF6672B7F753E006557B9 /* Frameworks */,
				0EDEF6682B7F753E006557B9 /* Resources */,
			);
			buildRules = (
			);
			dependencies = (
				0EDEF66C2B7F753E006557B9 /* PBXTargetDependency */,
			);
			name = MealMatchTests;
			productName = MealMatchTests;
			productReference = 0EDEF66A2B7F753E006557B9 /* MealMatchTests.xctest */;
			productType = "com.apple.product-type.bundle.unit-test";
		};
		0EDEF6732B7F753E006557B9 /* MealMatchUITests */ = {
			isa = PBXNativeTarget;
			buildConfigurationList = 0EDEF6842B7F753E006557B9 /* Build configuration list for PBXNativeTarget "MealMatchUITests" */;
			buildPhases = (
				0EDEF6702B7F753E006557B9 /* Sources */,
				0EDEF6712B7F753E006557B9 /* Frameworks */,
				0EDEF6722B7F753E006557B9 /* Resources */,
			);
			buildRules = (
			);
			dependencies = (
				0EDEF6762B7F753E006557B9 /* PBXTargetDependency */,
			);
			name = MealMatchUITests;
			productName = MealMatchUITests;
			productReference = 0EDEF6742B7F753E006557B9 /* MealMatchUITests.xctest */;
			productType = "com.apple.product-type.bundle.ui-testing";
		};
/* End PBXNativeTarget section */

/* Begin PBXProject section */
		0EDEF6522B7F753C006557B9 /* Project object */ = {
			isa = PBXProject;
			attributes = {
				BuildIndependentTargetsInParallel = 1;
				LastSwiftUpdateCheck = 1520;
				LastUpgradeCheck = 1520;
				TargetAttributes = {
					0EDEF6592B7F753C006557B9 = {
						CreatedOnToolsVersion = 15.2;
					};
					0EDEF6692B7F753E006557B9 = {
						CreatedOnToolsVersion = 15.2;
						TestTargetID = 0EDEF6592B7F753C006557B9;
					};
					0EDEF6732B7F753E006557B9 = {
						CreatedOnToolsVersion = 15.2;
						TestTargetID = 0EDEF6592B7F753C006557B9;
					};
				};
			};
			buildConfigurationList = 0EDEF6552B7F753C006557B9 /* Build configuration list for PBXProject "MealMatch" */;
			compatibilityVersion = "Xcode 14.0";
			developmentRegion = en;
			hasScannedForEncodings = 0;
			knownRegions = (
				en,
				Base,
			);
			mainGroup = 0EDEF6512B7F753C006557B9;
			packageReferences = (
				0E00F3272B7F8211006269C5 /* XCRemoteSwiftPackageReference "firebase-ios-sdk" */,
				0E00F3542B7FAD31006269C5 /* XCRemoteSwiftPackageReference "lottie-spm" */,
			);
			productRefGroup = 0EDEF65B2B7F753C006557B9 /* Products */;
			projectDirPath = "";
			projectRoot = "";
			targets = (
				0EDEF6592B7F753C006557B9 /* MealMatch */,
				0EDEF6692B7F753E006557B9 /* MealMatchTests */,
				0EDEF6732B7F753E006557B9 /* MealMatchUITests */,
			);
		};
/* End PBXProject section */

/* Begin PBXResourcesBuildPhase section */
		0EDEF6582B7F753C006557B9 /* Resources */ = {
			isa = PBXResourcesBuildPhase;
			buildActionMask = 2147483647;
			files = (
				0EDEF6652B7F753E006557B9 /* Preview Assets.xcassets in Resources */,
				0EDEF6622B7F753E006557B9 /* Assets.xcassets in Resources */,
				0E00F3412B7F85C4006269C5 /* GoogleService-Info.plist in Resources */,
			);
			runOnlyForDeploymentPostprocessing = 0;
		};
		0EDEF6682B7F753E006557B9 /* Resources */ = {
			isa = PBXResourcesBuildPhase;
			buildActionMask = 2147483647;
			files = (
			);
			runOnlyForDeploymentPostprocessing = 0;
		};
		0EDEF6722B7F753E006557B9 /* Resources */ = {
			isa = PBXResourcesBuildPhase;
			buildActionMask = 2147483647;
			files = (
			);
			runOnlyForDeploymentPostprocessing = 0;
		};
/* End PBXResourcesBuildPhase section */

/* Begin PBXSourcesBuildPhase section */
		0EDEF6562B7F753C006557B9 /* Sources */ = {
			isa = PBXSourcesBuildPhase;
			buildActionMask = 2147483647;
			files = (
				0E00F35E2B80C665006269C5 /* ProfileView.swift in Sources */,
				0EDEF6602B7F753C006557B9 /* ContentView.swift in Sources */,
				0E00F3622B80D03D006269C5 /* SettingsRowView.swift in Sources */,
				0EDEF65E2B7F753C006557B9 /* MealMatchApp.swift in Sources */,
				0E00F3602B80CB7E006269C5 /* ImagePicker.swift in Sources */,
				0E00F34A2B7F90ED006269C5 /* FirestoreViewModel.swift in Sources */,
				0E00F35C2B7FBD30006269C5 /* RegistrationView.swift in Sources */,
				0E00F35A2B7FADEF006269C5 /* InputView.swift in Sources */,
				0E00F34C2B7F9475006269C5 /* LoginView.swift in Sources */,
				0E00F3482B7F90D9006269C5 /* AuthViewModel.swift in Sources */,
			);
			runOnlyForDeploymentPostprocessing = 0;
		};
		0EDEF6662B7F753E006557B9 /* Sources */ = {
			isa = PBXSourcesBuildPhase;
			buildActionMask = 2147483647;
			files = (
				0EDEF66F2B7F753E006557B9 /* MealMatchTests.swift in Sources */,
			);
			runOnlyForDeploymentPostprocessing = 0;
		};
		0EDEF6702B7F753E006557B9 /* Sources */ = {
			isa = PBXSourcesBuildPhase;
			buildActionMask = 2147483647;
			files = (
				0EDEF6792B7F753E006557B9 /* MealMatchUITests.swift in Sources */,
				0EDEF67B2B7F753E006557B9 /* MealMatchUITestsLaunchTests.swift in Sources */,
			);
			runOnlyForDeploymentPostprocessing = 0;
		};
/* End PBXSourcesBuildPhase section */

/* Begin PBXTargetDependency section */
		0EDEF66C2B7F753E006557B9 /* PBXTargetDependency */ = {
			isa = PBXTargetDependency;
			target = 0EDEF6592B7F753C006557B9 /* MealMatch */;
			targetProxy = 0EDEF66B2B7F753E006557B9 /* PBXContainerItemProxy */;
		};
		0EDEF6762B7F753E006557B9 /* PBXTargetDependency */ = {
			isa = PBXTargetDependency;
			target = 0EDEF6592B7F753C006557B9 /* MealMatch */;
			targetProxy = 0EDEF6752B7F753E006557B9 /* PBXContainerItemProxy */;
		};
/* End PBXTargetDependency section */

/* Begin XCBuildConfiguration section */
		0EDEF67C2B7F753E006557B9 /* Debug */ = {
			isa = XCBuildConfiguration;
			buildSettings = {
				ALWAYS_SEARCH_USER_PATHS = NO;
				ASSETCATALOG_COMPILER_GENERATE_SWIFT_ASSET_SYMBOL_EXTENSIONS = YES;
				CLANG_ANALYZER_NONNULL = YES;
				CLANG_ANALYZER_NUMBER_OBJECT_CONVERSION = YES_AGGRESSIVE;
				CLANG_CXX_LANGUAGE_STANDARD = "gnu++20";
				CLANG_ENABLE_MODULES = YES;
				CLANG_ENABLE_OBJC_ARC = YES;
				CLANG_ENABLE_OBJC_WEAK = YES;
				CLANG_WARN_BLOCK_CAPTURE_AUTORELEASING = YES;
				CLANG_WARN_BOOL_CONVERSION = YES;
				CLANG_WARN_COMMA = YES;
				CLANG_WARN_CONSTANT_CONVERSION = YES;
				CLANG_WARN_DEPRECATED_OBJC_IMPLEMENTATIONS = YES;
				CLANG_WARN_DIRECT_OBJC_ISA_USAGE = YES_ERROR;
				CLANG_WARN_DOCUMENTATION_COMMENTS = YES;
				CLANG_WARN_EMPTY_BODY = YES;
				CLANG_WARN_ENUM_CONVERSION = YES;
				CLANG_WARN_INFINITE_RECURSION = YES;
				CLANG_WARN_INT_CONVERSION = YES;
				CLANG_WARN_NON_LITERAL_NULL_CONVERSION = YES;
				CLANG_WARN_OBJC_IMPLICIT_RETAIN_SELF = YES;
				CLANG_WARN_OBJC_LITERAL_CONVERSION = YES;
				CLANG_WARN_OBJC_ROOT_CLASS = YES_ERROR;
				CLANG_WARN_QUOTED_INCLUDE_IN_FRAMEWORK_HEADER = YES;
				CLANG_WARN_RANGE_LOOP_ANALYSIS = YES;
				CLANG_WARN_STRICT_PROTOTYPES = YES;
				CLANG_WARN_SUSPICIOUS_MOVE = YES;
				CLANG_WARN_UNGUARDED_AVAILABILITY = YES_AGGRESSIVE;
				CLANG_WARN_UNREACHABLE_CODE = YES;
				CLANG_WARN__DUPLICATE_METHOD_MATCH = YES;
				COPY_PHASE_STRIP = NO;
				DEBUG_INFORMATION_FORMAT = dwarf;
				ENABLE_STRICT_OBJC_MSGSEND = YES;
				ENABLE_TESTABILITY = YES;
				ENABLE_USER_SCRIPT_SANDBOXING = YES;
				GCC_C_LANGUAGE_STANDARD = gnu17;
				GCC_DYNAMIC_NO_PIC = NO;
				GCC_NO_COMMON_BLOCKS = YES;
				GCC_OPTIMIZATION_LEVEL = 0;
				GCC_PREPROCESSOR_DEFINITIONS = (
					"DEBUG=1",
					"$(inherited)",
				);
				GCC_WARN_64_TO_32_BIT_CONVERSION = YES;
				GCC_WARN_ABOUT_RETURN_TYPE = YES_ERROR;
				GCC_WARN_UNDECLARED_SELECTOR = YES;
				GCC_WARN_UNINITIALIZED_AUTOS = YES_AGGRESSIVE;
				GCC_WARN_UNUSED_FUNCTION = YES;
				GCC_WARN_UNUSED_VARIABLE = YES;
				IPHONEOS_DEPLOYMENT_TARGET = 17.2;
				LOCALIZATION_PREFERS_STRING_CATALOGS = YES;
				MTL_ENABLE_DEBUG_INFO = INCLUDE_SOURCE;
				MTL_FAST_MATH = YES;
				ONLY_ACTIVE_ARCH = YES;
				SDKROOT = iphoneos;
				SWIFT_ACTIVE_COMPILATION_CONDITIONS = "DEBUG $(inherited)";
				SWIFT_OPTIMIZATION_LEVEL = "-Onone";
			};
			name = Debug;
		};
		0EDEF67D2B7F753E006557B9 /* Release */ = {
			isa = XCBuildConfiguration;
			buildSettings = {
				ALWAYS_SEARCH_USER_PATHS = NO;
				ASSETCATALOG_COMPILER_GENERATE_SWIFT_ASSET_SYMBOL_EXTENSIONS = YES;
				CLANG_ANALYZER_NONNULL = YES;
				CLANG_ANALYZER_NUMBER_OBJECT_CONVERSION = YES_AGGRESSIVE;
				CLANG_CXX_LANGUAGE_STANDARD = "gnu++20";
				CLANG_ENABLE_MODULES = YES;
				CLANG_ENABLE_OBJC_ARC = YES;
				CLANG_ENABLE_OBJC_WEAK = YES;
				CLANG_WARN_BLOCK_CAPTURE_AUTORELEASING = YES;
				CLANG_WARN_BOOL_CONVERSION = YES;
				CLANG_WARN_COMMA = YES;
				CLANG_WARN_CONSTANT_CONVERSION = YES;
				CLANG_WARN_DEPRECATED_OBJC_IMPLEMENTATIONS = YES;
				CLANG_WARN_DIRECT_OBJC_ISA_USAGE = YES_ERROR;
				CLANG_WARN_DOCUMENTATION_COMMENTS = YES;
				CLANG_WARN_EMPTY_BODY = YES;
				CLANG_WARN_ENUM_CONVERSION = YES;
				CLANG_WARN_INFINITE_RECURSION = YES;
				CLANG_WARN_INT_CONVERSION = YES;
				CLANG_WARN_NON_LITERAL_NULL_CONVERSION = YES;
				CLANG_WARN_OBJC_IMPLICIT_RETAIN_SELF = YES;
				CLANG_WARN_OBJC_LITERAL_CONVERSION = YES;
				CLANG_WARN_OBJC_ROOT_CLASS = YES_ERROR;
				CLANG_WARN_QUOTED_INCLUDE_IN_FRAMEWORK_HEADER = YES;
				CLANG_WARN_RANGE_LOOP_ANALYSIS = YES;
				CLANG_WARN_STRICT_PROTOTYPES = YES;
				CLANG_WARN_SUSPICIOUS_MOVE = YES;
				CLANG_WARN_UNGUARDED_AVAILABILITY = YES_AGGRESSIVE;
				CLANG_WARN_UNREACHABLE_CODE = YES;
				CLANG_WARN__DUPLICATE_METHOD_MATCH = YES;
				COPY_PHASE_STRIP = NO;
				DEBUG_INFORMATION_FORMAT = "dwarf-with-dsym";
				ENABLE_NS_ASSERTIONS = NO;
				ENABLE_STRICT_OBJC_MSGSEND = YES;
				ENABLE_USER_SCRIPT_SANDBOXING = YES;
				GCC_C_LANGUAGE_STANDARD = gnu17;
				GCC_NO_COMMON_BLOCKS = YES;
				GCC_WARN_64_TO_32_BIT_CONVERSION = YES;
				GCC_WARN_ABOUT_RETURN_TYPE = YES_ERROR;
				GCC_WARN_UNDECLARED_SELECTOR = YES;
				GCC_WARN_UNINITIALIZED_AUTOS = YES_AGGRESSIVE;
				GCC_WARN_UNUSED_FUNCTION = YES;
				GCC_WARN_UNUSED_VARIABLE = YES;
				IPHONEOS_DEPLOYMENT_TARGET = 17.2;
				LOCALIZATION_PREFERS_STRING_CATALOGS = YES;
				MTL_ENABLE_DEBUG_INFO = NO;
				MTL_FAST_MATH = YES;
				SDKROOT = iphoneos;
				SWIFT_COMPILATION_MODE = wholemodule;
				VALIDATE_PRODUCT = YES;
			};
			name = Release;
		};
		0EDEF67F2B7F753E006557B9 /* Debug */ = {
			isa = XCBuildConfiguration;
			buildSettings = {
				ASSETCATALOG_COMPILER_APPICON_NAME = AppIcon;
				ASSETCATALOG_COMPILER_GLOBAL_ACCENT_COLOR_NAME = AccentColor;
				CODE_SIGN_STYLE = Automatic;
				CURRENT_PROJECT_VERSION = 1;
				DEVELOPMENT_ASSET_PATHS = "\"MealMatch/Preview Content\"";
				DEVELOPMENT_TEAM = 8U9A4A64L9;
				ENABLE_PREVIEWS = YES;
				GENERATE_INFOPLIST_FILE = YES;
				INFOPLIST_KEY_CFBundleDisplayName = MealMatch;
				INFOPLIST_KEY_UIApplicationSceneManifest_Generation = YES;
				INFOPLIST_KEY_UIApplicationSupportsIndirectInputEvents = YES;
				INFOPLIST_KEY_UILaunchScreen_Generation = YES;
				INFOPLIST_KEY_UISupportedInterfaceOrientations_iPad = "UIInterfaceOrientationPortrait UIInterfaceOrientationPortraitUpsideDown UIInterfaceOrientationLandscapeLeft UIInterfaceOrientationLandscapeRight";
				INFOPLIST_KEY_UISupportedInterfaceOrientations_iPhone = "UIInterfaceOrientationPortrait UIInterfaceOrientationLandscapeLeft UIInterfaceOrientationLandscapeRight";
				LD_RUNPATH_SEARCH_PATHS = (
					"$(inherited)",
					"@executable_path/Frameworks",
				);
				MARKETING_VERSION = 1.0;
				PRODUCT_BUNDLE_IDENTIFIER = com.example.MealMatch;
				PRODUCT_NAME = "$(TARGET_NAME)";
				SWIFT_EMIT_LOC_STRINGS = YES;
				SWIFT_VERSION = 5.0;
				TARGETED_DEVICE_FAMILY = "1,2";
			};
			name = Debug;
		};
		0EDEF6802B7F753E006557B9 /* Release */ = {
			isa = XCBuildConfiguration;
			buildSettings = {
				ASSETCATALOG_COMPILER_APPICON_NAME = AppIcon;
				ASSETCATALOG_COMPILER_GLOBAL_ACCENT_COLOR_NAME = AccentColor;
				CODE_SIGN_STYLE = Automatic;
				CURRENT_PROJECT_VERSION = 1;
				DEVELOPMENT_ASSET_PATHS = "\"MealMatch/Preview Content\"";
				DEVELOPMENT_TEAM = 8U9A4A64L9;
				ENABLE_PREVIEWS = YES;
				GENERATE_INFOPLIST_FILE = YES;
				INFOPLIST_KEY_CFBundleDisplayName = MealMatch;
				INFOPLIST_KEY_UIApplicationSceneManifest_Generation = YES;
				INFOPLIST_KEY_UIApplicationSupportsIndirectInputEvents = YES;
				INFOPLIST_KEY_UILaunchScreen_Generation = YES;
				INFOPLIST_KEY_UISupportedInterfaceOrientations_iPad = "UIInterfaceOrientationPortrait UIInterfaceOrientationPortraitUpsideDown UIInterfaceOrientationLandscapeLeft UIInterfaceOrientationLandscapeRight";
				INFOPLIST_KEY_UISupportedInterfaceOrientations_iPhone = "UIInterfaceOrientationPortrait UIInterfaceOrientationLandscapeLeft UIInterfaceOrientationLandscapeRight";
				LD_RUNPATH_SEARCH_PATHS = (
					"$(inherited)",
					"@executable_path/Frameworks",
				);
				MARKETING_VERSION = 1.0;
				PRODUCT_BUNDLE_IDENTIFIER = com.example.MealMatch;
				PRODUCT_NAME = "$(TARGET_NAME)";
				SWIFT_EMIT_LOC_STRINGS = YES;
				SWIFT_VERSION = 5.0;
				TARGETED_DEVICE_FAMILY = "1,2";
			};
			name = Release;
		};
		0EDEF6822B7F753E006557B9 /* Debug */ = {
			isa = XCBuildConfiguration;
			buildSettings = {
				ALWAYS_EMBED_SWIFT_STANDARD_LIBRARIES = YES;
				BUNDLE_LOADER = "$(TEST_HOST)";
				CODE_SIGN_STYLE = Automatic;
				CURRENT_PROJECT_VERSION = 1;
				DEVELOPMENT_TEAM = 8U9A4A64L9;
				GENERATE_INFOPLIST_FILE = YES;
				IPHONEOS_DEPLOYMENT_TARGET = 17.2;
				MARKETING_VERSION = 1.0;
				PRODUCT_BUNDLE_IDENTIFIER = com.example.MealMatchTests;
				PRODUCT_NAME = "$(TARGET_NAME)";
				SWIFT_EMIT_LOC_STRINGS = NO;
				SWIFT_VERSION = 5.0;
				TARGETED_DEVICE_FAMILY = "1,2";
				TEST_HOST = "$(BUILT_PRODUCTS_DIR)/MealMatch.app/$(BUNDLE_EXECUTABLE_FOLDER_PATH)/MealMatch";
			};
			name = Debug;
		};
		0EDEF6832B7F753E006557B9 /* Release */ = {
			isa = XCBuildConfiguration;
			buildSettings = {
				ALWAYS_EMBED_SWIFT_STANDARD_LIBRARIES = YES;
				BUNDLE_LOADER = "$(TEST_HOST)";
				CODE_SIGN_STYLE = Automatic;
				CURRENT_PROJECT_VERSION = 1;
				DEVELOPMENT_TEAM = 8U9A4A64L9;
				GENERATE_INFOPLIST_FILE = YES;
				IPHONEOS_DEPLOYMENT_TARGET = 17.2;
				MARKETING_VERSION = 1.0;
				PRODUCT_BUNDLE_IDENTIFIER = com.example.MealMatchTests;
				PRODUCT_NAME = "$(TARGET_NAME)";
				SWIFT_EMIT_LOC_STRINGS = NO;
				SWIFT_VERSION = 5.0;
				TARGETED_DEVICE_FAMILY = "1,2";
				TEST_HOST = "$(BUILT_PRODUCTS_DIR)/MealMatch.app/$(BUNDLE_EXECUTABLE_FOLDER_PATH)/MealMatch";
			};
			name = Release;
		};
		0EDEF6852B7F753E006557B9 /* Debug */ = {
			isa = XCBuildConfiguration;
			buildSettings = {
				ALWAYS_EMBED_SWIFT_STANDARD_LIBRARIES = YES;
				CODE_SIGN_STYLE = Automatic;
				CURRENT_PROJECT_VERSION = 1;
				DEVELOPMENT_TEAM = 8U9A4A64L9;
				GENERATE_INFOPLIST_FILE = YES;
				MARKETING_VERSION = 1.0;
				PRODUCT_BUNDLE_IDENTIFIER = com.example.MealMatchUITests;
				PRODUCT_NAME = "$(TARGET_NAME)";
				SWIFT_EMIT_LOC_STRINGS = NO;
				SWIFT_VERSION = 5.0;
				TARGETED_DEVICE_FAMILY = "1,2";
				TEST_TARGET_NAME = MealMatch;
			};
			name = Debug;
		};
		0EDEF6862B7F753E006557B9 /* Release */ = {
			isa = XCBuildConfiguration;
			buildSettings = {
				ALWAYS_EMBED_SWIFT_STANDARD_LIBRARIES = YES;
				CODE_SIGN_STYLE = Automatic;
				CURRENT_PROJECT_VERSION = 1;
				DEVELOPMENT_TEAM = 8U9A4A64L9;
				GENERATE_INFOPLIST_FILE = YES;
				MARKETING_VERSION = 1.0;
				PRODUCT_BUNDLE_IDENTIFIER = com.example.MealMatchUITests;
				PRODUCT_NAME = "$(TARGET_NAME)";
				SWIFT_EMIT_LOC_STRINGS = NO;
				SWIFT_VERSION = 5.0;
				TARGETED_DEVICE_FAMILY = "1,2";
				TEST_TARGET_NAME = MealMatch;
			};
			name = Release;
		};
/* End XCBuildConfiguration section */

/* Begin XCConfigurationList section */
		0EDEF6552B7F753C006557B9 /* Build configuration list for PBXProject "MealMatch" */ = {
			isa = XCConfigurationList;
			buildConfigurations = (
				0EDEF67C2B7F753E006557B9 /* Debug */,
				0EDEF67D2B7F753E006557B9 /* Release */,
			);
			defaultConfigurationIsVisible = 0;
			defaultConfigurationName = Release;
		};
		0EDEF67E2B7F753E006557B9 /* Build configuration list for PBXNativeTarget "MealMatch" */ = {
			isa = XCConfigurationList;
			buildConfigurations = (
				0EDEF67F2B7F753E006557B9 /* Debug */,
				0EDEF6802B7F753E006557B9 /* Release */,
			);
			defaultConfigurationIsVisible = 0;
			defaultConfigurationName = Release;
		};
		0EDEF6812B7F753E006557B9 /* Build configuration list for PBXNativeTarget "MealMatchTests" */ = {
			isa = XCConfigurationList;
			buildConfigurations = (
				0EDEF6822B7F753E006557B9 /* Debug */,
				0EDEF6832B7F753E006557B9 /* Release */,
			);
			defaultConfigurationIsVisible = 0;
			defaultConfigurationName = Release;
		};
		0EDEF6842B7F753E006557B9 /* Build configuration list for PBXNativeTarget "MealMatchUITests" */ = {
			isa = XCConfigurationList;
			buildConfigurations = (
				0EDEF6852B7F753E006557B9 /* Debug */,
				0EDEF6862B7F753E006557B9 /* Release */,
			);
			defaultConfigurationIsVisible = 0;
			defaultConfigurationName = Release;
		};
/* End XCConfigurationList section */

/* Begin XCRemoteSwiftPackageReference section */
		0E00F3272B7F8211006269C5 /* XCRemoteSwiftPackageReference "firebase-ios-sdk" */ = {
			isa = XCRemoteSwiftPackageReference;
			repositoryURL = "https://github.com/firebase/firebase-ios-sdk";
			requirement = {
				kind = upToNextMajorVersion;
				minimumVersion = 10.21.0;
			};
		};
		0E00F3542B7FAD31006269C5 /* XCRemoteSwiftPackageReference "lottie-spm" */ = {
			isa = XCRemoteSwiftPackageReference;
			repositoryURL = "https://github.com/airbnb/lottie-spm.git";
			requirement = {
				kind = upToNextMajorVersion;
				minimumVersion = 4.4.0;
			};
		};
/* End XCRemoteSwiftPackageReference section */

/* Begin XCSwiftPackageProductDependency section */
		0E00F3282B7F8211006269C5 /* FirebaseAnalyticsSwift */ = {
			isa = XCSwiftPackageProductDependency;
			package = 0E00F3272B7F8211006269C5 /* XCRemoteSwiftPackageReference "firebase-ios-sdk" */;
			productName = FirebaseAnalyticsSwift;
		};
		0E00F32A2B7F8211006269C5 /* FirebaseAppCheck */ = {
			isa = XCSwiftPackageProductDependency;
			package = 0E00F3272B7F8211006269C5 /* XCRemoteSwiftPackageReference "firebase-ios-sdk" */;
			productName = FirebaseAppCheck;
		};
		0E00F32C2B7F835C006269C5 /* FirebaseAuth */ = {
			isa = XCSwiftPackageProductDependency;
			package = 0E00F3272B7F8211006269C5 /* XCRemoteSwiftPackageReference "firebase-ios-sdk" */;
			productName = FirebaseAuth;
		};
		0E00F32E2B7F835C006269C5 /* FirebaseDatabaseSwift */ = {
			isa = XCSwiftPackageProductDependency;
			package = 0E00F3272B7F8211006269C5 /* XCRemoteSwiftPackageReference "firebase-ios-sdk" */;
			productName = FirebaseDatabaseSwift;
		};
		0E00F3302B7F835C006269C5 /* FirebaseFirestore */ = {
			isa = XCSwiftPackageProductDependency;
			package = 0E00F3272B7F8211006269C5 /* XCRemoteSwiftPackageReference "firebase-ios-sdk" */;
			productName = FirebaseFirestore;
		};
		0E00F3322B7F835C006269C5 /* FirebaseFirestoreSwift */ = {
			isa = XCSwiftPackageProductDependency;
			package = 0E00F3272B7F8211006269C5 /* XCRemoteSwiftPackageReference "firebase-ios-sdk" */;
			productName = FirebaseFirestoreSwift;
		};
		0E00F3342B7F835C006269C5 /* FirebaseFunctions */ = {
			isa = XCSwiftPackageProductDependency;
			package = 0E00F3272B7F8211006269C5 /* XCRemoteSwiftPackageReference "firebase-ios-sdk" */;
			productName = FirebaseFunctions;
		};
		0E00F3362B7F835C006269C5 /* FirebaseInAppMessagingSwift-Beta */ = {
			isa = XCSwiftPackageProductDependency;
			package = 0E00F3272B7F8211006269C5 /* XCRemoteSwiftPackageReference "firebase-ios-sdk" */;
			productName = "FirebaseInAppMessagingSwift-Beta";
		};
		0E00F3382B7F835C006269C5 /* FirebaseInstallations */ = {
			isa = XCSwiftPackageProductDependency;
			package = 0E00F3272B7F8211006269C5 /* XCRemoteSwiftPackageReference "firebase-ios-sdk" */;
			productName = FirebaseInstallations;
		};
		0E00F33A2B7F835C006269C5 /* FirebaseMessaging */ = {
			isa = XCSwiftPackageProductDependency;
			package = 0E00F3272B7F8211006269C5 /* XCRemoteSwiftPackageReference "firebase-ios-sdk" */;
			productName = FirebaseMessaging;
		};
		0E00F33C2B7F835C006269C5 /* FirebasePerformance */ = {
			isa = XCSwiftPackageProductDependency;
			package = 0E00F3272B7F8211006269C5 /* XCRemoteSwiftPackageReference "firebase-ios-sdk" */;
			productName = FirebasePerformance;
		};
		0E00F33E2B7F835C006269C5 /* FirebaseStorage */ = {
			isa = XCSwiftPackageProductDependency;
			package = 0E00F3272B7F8211006269C5 /* XCRemoteSwiftPackageReference "firebase-ios-sdk" */;
			productName = FirebaseStorage;
		};
		0E00F3552B7FAD32006269C5 /* Lottie */ = {
			isa = XCSwiftPackageProductDependency;
			package = 0E00F3542B7FAD31006269C5 /* XCRemoteSwiftPackageReference "lottie-spm" */;
			productName = Lottie;
		};
/* End XCSwiftPackageProductDependency section */
	};
	rootObject = 0EDEF6522B7F753C006557B9 /* Project object */;
}
